// !$*UTF8*$!
{
	archiveVersion = 1;
	classes = {
	};
	objectVersion = 46;
	objects = {

/* Begin PBXBuildFile section */
		6E8EB9271D3859B8008C9316 /* AppDelegate.swift in Sources */ = {isa = PBXBuildFile; fileRef = 6E8EB9261D3859B8008C9316 /* AppDelegate.swift */; };
		6E8EB9291D3859B8008C9316 /* ViewController.swift in Sources */ = {isa = PBXBuildFile; fileRef = 6E8EB9281D3859B8008C9316 /* ViewController.swift */; };
		6E8EB92C1D3859B8008C9316 /* Main.storyboard in Resources */ = {isa = PBXBuildFile; fileRef = 6E8EB92A1D3859B8008C9316 /* Main.storyboard */; };
		6E8EB92E1D3859B8008C9316 /* Assets.xcassets in Resources */ = {isa = PBXBuildFile; fileRef = 6E8EB92D1D3859B8008C9316 /* Assets.xcassets */; };
		6E8EB9311D3859B8008C9316 /* LaunchScreen.storyboard in Resources */ = {isa = PBXBuildFile; fileRef = 6E8EB92F1D3859B8008C9316 /* LaunchScreen.storyboard */; };
		6E8EB9391D39537B008C9316 /* CoreLocation.framework in Frameworks */ = {isa = PBXBuildFile; fileRef = 6E8EB9381D39537B008C9316 /* CoreLocation.framework */; };
/* End PBXBuildFile section */

/* Begin PBXFileReference section */
		6E8EB9231D3859B8008C9316 /* Map Demo.app */ = {isa = PBXFileReference; explicitFileType = wrapper.application; includeInIndex = 0; path = "Map Demo.app"; sourceTree = BUILT_PRODUCTS_DIR; };
		6E8EB9261D3859B8008C9316 /* AppDelegate.swift */ = {isa = PBXFileReference; lastKnownFileType = sourcecode.swift; path = AppDelegate.swift; sourceTree = "<group>"; };
		6E8EB9281D3859B8008C9316 /* ViewController.swift */ = {isa = PBXFileReference; lastKnownFileType = sourcecode.swift; path = ViewController.swift; sourceTree = "<group>"; };
		6E8EB92B1D3859B8008C9316 /* Base */ = {isa = PBXFileReference; lastKnownFileType = file.storyboard; name = Base; path = Base.lproj/Main.storyboard; sourceTree = "<group>"; };
		6E8EB92D1D3859B8008C9316 /* Assets.xcassets */ = {isa = PBXFileReference; lastKnownFileType = folder.assetcatalog; path = Assets.xcassets; sourceTree = "<group>"; };
		6E8EB9301D3859B8008C9316 /* Base */ = {isa = PBXFileReference; lastKnownFileType = file.storyboard; name = Base; path = Base.lproj/LaunchScreen.storyboard; sourceTree = "<group>"; };
		6E8EB9321D3859B8008C9316 /* Info.plist */ = {isa = PBXFileReference; lastKnownFileType = text.plist.xml; path = Info.plist; sourceTree = "<group>"; };
		6E8EB9381D39537B008C9316 /* CoreLocation.framework */ = {isa = PBXFileReference; lastKnownFileType = wrapper.framework; name = CoreLocation.framework; path = System/Library/Frameworks/CoreLocation.framework; sourceTree = SDKROOT; };
/* End PBXFileReference section */

/* Begin PBXFrameworksBuildPhase section */
		6E8EB9201D3859B8008C9316 /* Frameworks */ = {
			isa = PBXFrameworksBuildPhase;
			buildActionMask = 2147483647;
			files = (
				6E8EB9391D39537B008C9316 /* CoreLocation.framework in Frameworks */,
			);
			runOnlyForDeploymentPostprocessing = 0;
		};
/* End PBXFrameworksBuildPhase section */

/* Begin PBXGroup section */
		6E8EB91A1D3859B8008C9316 = {
			isa = PBXGroup;
			children = (
				6E8EB9381D39537B008C9316 /* CoreLocation.framework */,
				6E8EB9251D3859B8008C9316 /* Map Demo */,
				6E8EB9241D3859B8008C9316 /* Products */,
			);
			sourceTree = "<group>";
		};
		6E8EB9241D3859B8008C9316 /* Products */ = {
			isa = PBXGroup;
			children = (
				6E8EB9231D3859B8008C9316 /* Map Demo.app */,
			);
			name = Products;
			sourceTree = "<group>";
		};
		6E8EB9251D3859B8008C9316 /* Map Demo */ = {
			isa = PBXGroup;
			children = (
				6E8EB9261D3859B8008C9316 /* AppDelegate.swift */,
				6E8EB9281D3859B8008C9316 /* ViewController.swift */,
				6E8EB92A1D3859B8008C9316 /* Main.storyboard */,
				6E8EB92D1D3859B8008C9316 /* Assets.xcassets */,
				6E8EB92F1D3859B8008C9316 /* LaunchScreen.storyboard */,
				6E8EB9321D3859B8008C9316 /* Info.plist */,
			);
			path = "Map Demo";
			sourceTree = "<group>";
		};
/* End PBXGroup section */

/* Begin PBXNativeTarget section */
		6E8EB9221D3859B8008C9316 /* Map Demo */ = {
			isa = PBXNativeTarget;
			buildConfigurationList = 6E8EB9351D3859B8008C9316 /* Build configuration list for PBXNativeTarget "Map Demo" */;
			buildPhases = (
				6E8EB91F1D3859B8008C9316 /* Sources */,
				6E8EB9201D3859B8008C9316 /* Frameworks */,
				6E8EB9211D3859B8008C9316 /* Resources */,
			);
			buildRules = (
			);
			dependencies = (
			);
			name = "Map Demo";
			productName = "Map Demo";
			productReference = 6E8EB9231D3859B8008C9316 /* Map Demo.app */;
			productType = "com.apple.product-type.application";
		};
/* End PBXNativeTarget section */

/* Begin PBXProject section */
		6E8EB91B1D3859B8008C9316 /* Project object */ = {
			isa = PBXProject;
			attributes = {
				LastSwiftUpdateCheck = 0720;
				LastUpgradeCheck = 0720;
				ORGANIZATIONNAME = Appfish;
				TargetAttributes = {
					6E8EB9221D3859B8008C9316 = {
						CreatedOnToolsVersion = 7.2;
						DevelopmentTeam = CWFZZ9LJE8;
					};
				};
			};
			buildConfigurationList = 6E8EB91E1D3859B8008C9316 /* Build configuration list for PBXProject "Map Demo" */;
			compatibilityVersion = "Xcode 3.2";
			developmentRegion = English;
			hasScannedForEncodings = 0;
			knownRegions = (
				en,
				Base,
			);
			mainGroup = 6E8EB91A1D3859B8008C9316;
			productRefGroup = 6E8EB9241D3859B8008C9316 /* Products */;
			projectDirPath = "";
			projectRoot = "";
			targets = (
				6E8EB9221D3859B8008C9316 /* Map Demo */,
			);
		};
/* End PBXProject section */

/* Begin PBXResourcesBuildPhase section */
		6E8EB9211D3859B8008C9316 /* Resources */ = {
			isa = PBXResourcesBuildPhase;
			buildActionMask = 2147483647;
			files = (
				6E8EB9311D3859B8008C9316 /* LaunchScreen.storyboard in Resources */,
				6E8EB92E1D3859B8008C9316 /* Assets.xcassets in Resources */,
				6E8EB92C1D3859B8008C9316 /* Main.storyboard in Resources */,
			);
			runOnlyForDeploymentPostprocessing = 0;
		};
/* End PBXResourcesBuildPhase section */

/* Begin PBXSourcesBuildPhase section */
		6E8EB91F1D3859B8008C9316 /* Sources */ = {
			isa = PBXSourcesBuildPhase;
			buildActionMask = 2147483647;
			files = (
				6E8EB9291D3859B8008C9316 /* ViewController.swift in Sources */,
				6E8EB9271D3859B8008C9316 /* AppDelegate.swift in Sources */,
			);
			runOnlyForDeploymentPostprocessing = 0;
		};
/* End PBXSourcesBuildPhase section */

/* Begin PBXVariantGroup section */
		6E8EB92A1D3859B8008C9316 /* Main.storyboard */ = {
			isa = PBXVariantGroup;
			children = (
				6E8EB92B1D3859B8008C9316 /* Base */,
			);
			name = Main.storyboard;
			sourceTree = "<group>";
		};
		6E8EB92F1D3859B8008C9316 /* LaunchScreen.storyboard */ = {
			isa = PBXVariantGroup;
			children = (
				6E8EB9301D3859B8008C9316 /* Base */,
			);
			name = LaunchScreen.storyboard;
			sourceTree = "<group>";
		};
/* End PBXVariantGroup section */

/* Begin XCBuildConfiguration section */
		6E8EB9331D3859B8008C9316 /* Debug */ = {
			isa = XCBuildConfiguration;
			buildSettings = {
				ALWAYS_SEARCH_USER_PATHS = NO;
				CLANG_CXX_LANGUAGE_STANDARD = "gnu++0x";
				CLANG_CXX_LIBRARY = "libc++";
				CLANG_ENABLE_MODULES = YES;
				CLANG_ENABLE_OBJC_ARC = YES;
				CLANG_WARN_BOOL_CONVERSION = YES;
				CLANG_WARN_CONSTANT_CONVERSION = YES;
				CLANG_WARN_DIRECT_OBJC_ISA_USAGE = YES_ERROR;
				CLANG_WARN_EMPTY_BODY = YES;
				CLANG_WARN_ENUM_CONVERSION = YES;
				CLANG_WARN_INT_CONVERSION = YES;
				CLANG_WARN_OBJC_ROOT_CLASS = YES_ERROR;
				CLANG_WARN_UNREACHABLE_CODE = YES;
				CLANG_WARN__DUPLICATE_METHOD_MATCH = YES;
				"CODE_SIGN_IDENTITY[sdk=iphoneos*]" = "iPhone Developer";
				COPY_PHASE_STRIP = NO;
				DEBUG_INFORMATION_FORMAT = dwarf;
				ENABLE_STRICT_OBJC_MSGSEND = YES;
				ENABLE_TESTABILITY = YES;
				GCC_C_LANGUAGE_STANDARD = gnu99;
				GCC_DYNAMIC_NO_PIC = NO;
				GCC_NO_COMMON_BLOCKS = YES;
				GCC_OPTIMIZATION_LEVEL = 0;
				GCC_PREPROCESSOR_DEFINITIONS = (
					"DEBUG=1",
					"$(inherited)",
				);
				GCC_WARN_64_TO_32_BIT_CONVERSION = YES;
				GCC_WARN_ABOUT_RETURN_TYPE = YES_ERROR;
				GCC_WARN_UNDECLARED_SELECTOR = YES;
				GCC_WARN_UNINITIALIZED_AUTOS = YES_AGGRESSIVE;
				GCC_WARN_UNUSED_FUNCTION = YES;
				GCC_WARN_UNUSED_VARIABLE = YES;
				IPHONEOS_DEPLOYMENT_TARGET = 9.2;
				MTL_ENABLE_DEBUG_INFO = YES;
				ONLY_ACTIVE_ARCH = YES;
				SDKROOT = iphoneos;
				SWIFT_OPTIMIZATION_LEVEL = "-Onone";
			};
			name = Debug;
		};
		6E8EB9341D3859B8008C9316 /* Release */ = {
			isa = XCBuildConfiguration;
			buildSettings = {
				ALWAYS_SEARCH_USER_PATHS = NO;
				CLANG_CXX_LANGUAGE_STANDARD = "gnu++0x";
				CLANG_CXX_LIBRARY = "libc++";
				CLANG_ENABLE_MODULES = YES;
				CLANG_ENABLE_OBJC_ARC = YES;
				CLANG_WARN_BOOL_CONVERSION = YES;
				CLANG_WARN_CONSTANT_CONVERSION = YES;
				CLANG_WARN_DIRECT_OBJC_ISA_USAGE = YES_ERROR;
				CLANG_WARN_EMPTY_BODY = YES;
				CLANG_WARN_ENUM_CONVERSION = YES;
				CLANG_WARN_INT_CONVERSION = YES;
				CLANG_WARN_OBJC_ROOT_CLASS = YES_ERROR;
				CLANG_WARN_UNREACHABLE_CODE = YES;
				CLANG_WARN__DUPLICATE_METHOD_MATCH = YES;
				"CODE_SIGN_IDENTITY[sdk=iphoneos*]" = "iPhone Developer";
				COPY_PHASE_STRIP = NO;
				DEBUG_INFORMATION_FORMAT = "dwarf-with-dsym";
				ENABLE_NS_ASSERTIONS = NO;
				ENABLE_STRICT_OBJC_MSGSEND = YES;
				GCC_C_LANGUAGE_STANDARD = gnu99;
				GCC_NO_COMMON_BLOCKS = YES;
				GCC_WARN_64_TO_32_BIT_CONVERSION = YES;
				GCC_WARN_ABOUT_RETURN_TYPE = YES_ERROR;
				GCC_WARN_UNDECLARED_SELECTOR = YES;
				GCC_WARN_UNINITIALIZED_AUTOS = YES_AGGRESSIVE;
				GCC_WARN_UNUSED_FUNCTION = YES;
				GCC_WARN_UNUSED_VARIABLE = YES;
				IPHONEOS_DEPLOYMENT_TARGET = 9.2;
				MTL_ENABLE_DEBUG_INFO = NO;
				SDKROOT = iphoneos;
				VALIDATE_PRODUCT = YES;
			};
			name = Release;
		};
		6E8EB9361D3859B8008C9316 /* Debug */ = {
			isa = XCBuildConfiguration;
			buildSettings = {
				ASSETCATALOG_COMPILER_APPICON_NAME = AppIcon;
				INFOPLIST_FILE = "Map Demo/Info.plist";
				LD_RUNPATH_SEARCH_PATHS = "$(inherited) @executable_path/Frameworks";
				PRODUCT_BUNDLE_IDENTIFIER = "com.appfish.Map-Demo";
				PRODUCT_NAME = "$(TARGET_NAME)";
			};
			name = Debug;
		};
		6E8EB9371D3859B8008C9316 /* Release */ = {
			isa = XCBuildConfiguration;
			buildSettings = {
				ASSETCATALOG_COMPILER_APPICON_NAME = AppIcon;
				INFOPLIST_FILE = "Map Demo/Info.plist";
				LD_RUNPATH_SEARCH_PATHS = "$(inherited) @executable_path/Frameworks";
				PRODUCT_BUNDLE_IDENTIFIER = "com.appfish.Map-Demo";
				PRODUCT_NAME = "$(TARGET_NAME)";
			};
			name = Release;
		};
/* End XCBuildConfiguration section */

/* Begin XCConfigurationList section */
		6E8EB91E1D3859B8008C9316 /* Build configuration list for PBXProject "Map Demo" */ = {
			isa = XCConfigurationList;
			buildConfigurations = (
				6E8EB9331D3859B8008C9316 /* Debug */,
				6E8EB9341D3859B8008C9316 /* Release */,
			);
			defaultConfigurationIsVisible = 0;
			defaultConfigurationName = Release;
		};
		6E8EB9351D3859B8008C9316 /* Build configuration list for PBXNativeTarget "Map Demo" */ = {
			isa = XCConfigurationList;
			buildConfigurations = (
				6E8EB9361D3859B8008C9316 /* Debug */,
				6E8EB9371D3859B8008C9316 /* Release */,
			);
			defaultConfigurationIsVisible = 0;
		};
/* End XCConfigurationList section */
	};
	rootObject = 6E8EB91B1D3859B8008C9316 /* Project object */;
}
